// !$*UTF8*$!
{
	archiveVersion = 1;
	classes = {
	};
	objectVersion = 77;
	objects = {

/* Begin PBXBuildFile section */
		DC5FCF862DCD3B8500C6539D /* CoreData.framework in Frameworks */ = {isa = PBXBuildFile; fileRef = DC5FCF852DCD3B8500C6539D /* CoreData.framework */; };
		DC5FCF8B2DCD3BDC00C6539D /* ChecklistModel.xcdatamodeld in Sources */ = {isa = PBXBuildFile; fileRef = DC5FCF892DCD3BDC00C6539D /* ChecklistModel.xcdatamodeld */; };
/* End PBXBuildFile section */

/* Begin PBXContainerItemProxy section */
		DCEC24A22DCD2A2400F631F3 /* PBXContainerItemProxy */ = {
			isa = PBXContainerItemProxy;
			containerPortal = DCEC248C2DCD2A2300F631F3 /* Project object */;
			proxyType = 1;
			remoteGlobalIDString = DCEC24932DCD2A2300F631F3;
			remoteInfo = "Checklist App";
		};
		DCEC24AC2DCD2A2400F631F3 /* PBXContainerItemProxy */ = {
			isa = PBXContainerItemProxy;
			containerPortal = DCEC248C2DCD2A2300F631F3 /* Project object */;
			proxyType = 1;
			remoteGlobalIDString = DCEC24932DCD2A2300F631F3;
			remoteInfo = "Checklist App";
		};
/* End PBXContainerItemProxy section */

/* Begin PBXFileReference section */
		DC5FCF852DCD3B8500C6539D /* CoreData.framework */ = {isa = PBXFileReference; lastKnownFileType = wrapper.framework; name = CoreData.framework; path = System/Library/Frameworks/CoreData.framework; sourceTree = SDKROOT; };
		DC5FCF8A2DCD3BDC00C6539D /* ChecklistModel.xcdatamodel */ = {isa = PBXFileReference; explicitFileType = wrapper.xcdatamodel; path = ChecklistModel.xcdatamodel; sourceTree = "<group>"; };
		DCEC24942DCD2A2300F631F3 /* Checklist App.app */ = {isa = PBXFileReference; explicitFileType = wrapper.application; includeInIndex = 0; path = "Checklist App.app"; sourceTree = BUILT_PRODUCTS_DIR; };
		DCEC24A12DCD2A2400F631F3 /* Checklist AppTests.xctest */ = {isa = PBXFileReference; explicitFileType = wrapper.cfbundle; includeInIndex = 0; path = "Checklist AppTests.xctest"; sourceTree = BUILT_PRODUCTS_DIR; };
		DCEC24AB2DCD2A2400F631F3 /* Checklist AppUITests.xctest */ = {isa = PBXFileReference; explicitFileType = wrapper.cfbundle; includeInIndex = 0; path = "Checklist AppUITests.xctest"; sourceTree = BUILT_PRODUCTS_DIR; };
/* End PBXFileReference section */

/* Begin PBXFileSystemSynchronizedRootGroup section */
		DCEC24962DCD2A2300F631F3 /* Checklist App */ = {
			isa = PBXFileSystemSynchronizedRootGroup;
			path = "Checklist App";
			sourceTree = "<group>";
		};
		DCEC24A42DCD2A2400F631F3 /* Checklist AppTests */ = {
			isa = PBXFileSystemSynchronizedRootGroup;
			path = "Checklist AppTests";
			sourceTree = "<group>";
		};
		DCEC24AE2DCD2A2400F631F3 /* Checklist AppUITests */ = {
			isa = PBXFileSystemSynchronizedRootGroup;
			path = "Checklist AppUITests";
			sourceTree = "<group>";
		};
/* End PBXFileSystemSynchronizedRootGroup section */

/* Begin PBXFrameworksBuildPhase section */
		DCEC24912DCD2A2300F631F3 /* Frameworks */ = {
			isa = PBXFrameworksBuildPhase;
			buildActionMask = 2147483647;
			files = (
				DC5FCF862DCD3B8500C6539D /* CoreData.framework in Frameworks */,
			);
			runOnlyForDeploymentPostprocessing = 0;
		};
		DCEC249E2DCD2A2400F631F3 /* Frameworks */ = {
			isa = PBXFrameworksBuildPhase;
			buildActionMask = 2147483647;
			files = (
			);
			runOnlyForDeploymentPostprocessing = 0;
		};
		DCEC24A82DCD2A2400F631F3 /* Frameworks */ = {
			isa = PBXFrameworksBuildPhase;
			buildActionMask = 2147483647;
			files = (
			);
			runOnlyForDeploymentPostprocessing = 0;
		};
/* End PBXFrameworksBuildPhase section */

/* Begin PBXGroup section */
		DC5FCF842DCD3B8500C6539D /* Frameworks */ = {
			isa = PBXGroup;
			children = (
				DC5FCF852DCD3B8500C6539D /* CoreData.framework */,
			);
			name = Frameworks;
			sourceTree = "<group>";
		};
		DCEC248B2DCD2A2300F631F3 = {
			isa = PBXGroup;
			children = (
				DC5FCF892DCD3BDC00C6539D /* ChecklistModel.xcdatamodeld */,
				DCEC24962DCD2A2300F631F3 /* Checklist App */,
				DCEC24A42DCD2A2400F631F3 /* Checklist AppTests */,
				DCEC24AE2DCD2A2400F631F3 /* Checklist AppUITests */,
				DC5FCF842DCD3B8500C6539D /* Frameworks */,
				DCEC24952DCD2A2300F631F3 /* Products */,
			);
			sourceTree = "<group>";
		};
		DCEC24952DCD2A2300F631F3 /* Products */ = {
			isa = PBXGroup;
			children = (
				DCEC24942DCD2A2300F631F3 /* Checklist App.app */,
				DCEC24A12DCD2A2400F631F3 /* Checklist AppTests.xctest */,
				DCEC24AB2DCD2A2400F631F3 /* Checklist AppUITests.xctest */,
			);
			name = Products;
			sourceTree = "<group>";
		};
/* End PBXGroup section */

/* Begin PBXNativeTarget section */
		DCEC24932DCD2A2300F631F3 /* Checklist App */ = {
			isa = PBXNativeTarget;
			buildConfigurationList = DCEC24B52DCD2A2400F631F3 /* Build configuration list for PBXNativeTarget "Checklist App" */;
			buildPhases = (
				DCEC24902DCD2A2300F631F3 /* Sources */,
				DCEC24912DCD2A2300F631F3 /* Frameworks */,
				DCEC24922DCD2A2300F631F3 /* Resources */,
			);
			buildRules = (
			);
			dependencies = (
			);
			fileSystemSynchronizedGroups = (
				DCEC24962DCD2A2300F631F3 /* Checklist App */,
			);
			name = "Checklist App";
			packageProductDependencies = (
			);
			productName = "Checklist App";
			productReference = DCEC24942DCD2A2300F631F3 /* Checklist App.app */;
			productType = "com.apple.product-type.application";
		};
		DCEC24A02DCD2A2400F631F3 /* Checklist AppTests */ = {
			isa = PBXNativeTarget;
			buildConfigurationList = DCEC24B82DCD2A2400F631F3 /* Build configuration list for PBXNativeTarget "Checklist AppTests" */;
			buildPhases = (
				DCEC249D2DCD2A2400F631F3 /* Sources */,
				DCEC249E2DCD2A2400F631F3 /* Frameworks */,
				DCEC249F2DCD2A2400F631F3 /* Resources */,
			);
			buildRules = (
			);
			dependencies = (
				DCEC24A32DCD2A2400F631F3 /* PBXTargetDependency */,
			);
			fileSystemSynchronizedGroups = (
				DCEC24A42DCD2A2400F631F3 /* Checklist AppTests */,
			);
			name = "Checklist AppTests";
			packageProductDependencies = (
			);
			productName = "Checklist AppTests";
			productReference = DCEC24A12DCD2A2400F631F3 /* Checklist AppTests.xctest */;
			productType = "com.apple.product-type.bundle.unit-test";
		};
		DCEC24AA2DCD2A2400F631F3 /* Checklist AppUITests */ = {
			isa = PBXNativeTarget;
			buildConfigurationList = DCEC24BB2DCD2A2400F631F3 /* Build configuration list for PBXNativeTarget "Checklist AppUITests" */;
			buildPhases = (
				DCEC24A72DCD2A2400F631F3 /* Sources */,
				DCEC24A82DCD2A2400F631F3 /* Frameworks */,
				DCEC24A92DCD2A2400F631F3 /* Resources */,
			);
			buildRules = (
			);
			dependencies = (
				DCEC24AD2DCD2A2400F631F3 /* PBXTargetDependency */,
			);
			fileSystemSynchronizedGroups = (
				DCEC24AE2DCD2A2400F631F3 /* Checklist AppUITests */,
			);
			name = "Checklist AppUITests";
			packageProductDependencies = (
			);
			productName = "Checklist AppUITests";
			productReference = DCEC24AB2DCD2A2400F631F3 /* Checklist AppUITests.xctest */;
			productType = "com.apple.product-type.bundle.ui-testing";
		};
/* End PBXNativeTarget section */

/* Begin PBXProject section */
		DCEC248C2DCD2A2300F631F3 /* Project object */ = {
			isa = PBXProject;
			attributes = {
				BuildIndependentTargetsInParallel = 1;
				LastSwiftUpdateCheck = 1630;
				LastUpgradeCheck = 1630;
				TargetAttributes = {
					DCEC24932DCD2A2300F631F3 = {
						CreatedOnToolsVersion = 16.3;
					};
					DCEC24A02DCD2A2400F631F3 = {
						CreatedOnToolsVersion = 16.3;
						TestTargetID = DCEC24932DCD2A2300F631F3;
					};
					DCEC24AA2DCD2A2400F631F3 = {
						CreatedOnToolsVersion = 16.3;
						TestTargetID = DCEC24932DCD2A2300F631F3;
					};
				};
			};
			buildConfigurationList = DCEC248F2DCD2A2300F631F3 /* Build configuration list for PBXProject "Checklist App" */;
			developmentRegion = en;
			hasScannedForEncodings = 0;
			knownRegions = (
				en,
				Base,
			);
			mainGroup = DCEC248B2DCD2A2300F631F3;
			minimizedProjectReferenceProxies = 1;
			preferredProjectObjectVersion = 77;
			productRefGroup = DCEC24952DCD2A2300F631F3 /* Products */;
			projectDirPath = "";
			projectRoot = "";
			targets = (
				DCEC24932DCD2A2300F631F3 /* Checklist App */,
				DCEC24A02DCD2A2400F631F3 /* Checklist AppTests */,
				DCEC24AA2DCD2A2400F631F3 /* Checklist AppUITests */,
			);
		};
/* End PBXProject section */

/* Begin PBXResourcesBuildPhase section */
		DCEC24922DCD2A2300F631F3 /* Resources */ = {
			isa = PBXResourcesBuildPhase;
			buildActionMask = 2147483647;
			files = (
			);
			runOnlyForDeploymentPostprocessing = 0;
		};
		DCEC249F2DCD2A2400F631F3 /* Resources */ = {
			isa = PBXResourcesBuildPhase;
			buildActionMask = 2147483647;
			files = (
			);
			runOnlyForDeploymentPostprocessing = 0;
		};
		DCEC24A92DCD2A2400F631F3 /* Resources */ = {
			isa = PBXResourcesBuildPhase;
			buildActionMask = 2147483647;
			files = (
			);
			runOnlyForDeploymentPostprocessing = 0;
		};
/* End PBXResourcesBuildPhase section */

/* Begin PBXSourcesBuildPhase section */
		DCEC24902DCD2A2300F631F3 /* Sources */ = {
			isa = PBXSourcesBuildPhase;
			buildActionMask = 2147483647;
			files = (
				DC5FCF8B2DCD3BDC00C6539D /* ChecklistModel.xcdatamodeld in Sources */,
			);
			runOnlyForDeploymentPostprocessing = 0;
		};
		DCEC249D2DCD2A2400F631F3 /* Sources */ = {
			isa = PBXSourcesBuildPhase;
			buildActionMask = 2147483647;
			files = (
			);
			runOnlyForDeploymentPostprocessing = 0;
		};
		DCEC24A72DCD2A2400F631F3 /* Sources */ = {
			isa = PBXSourcesBuildPhase;
			buildActionMask = 2147483647;
			files = (
			);
			runOnlyForDeploymentPostprocessing = 0;
		};
/* End PBXSourcesBuildPhase section */

/* Begin PBXTargetDependency section */
		DCEC24A32DCD2A2400F631F3 /* PBXTargetDependency */ = {
			isa = PBXTargetDependency;
			target = DCEC24932DCD2A2300F631F3 /* Checklist App */;
			targetProxy = DCEC24A22DCD2A2400F631F3 /* PBXContainerItemProxy */;
		};
		DCEC24AD2DCD2A2400F631F3 /* PBXTargetDependency */ = {
			isa = PBXTargetDependency;
			target = DCEC24932DCD2A2300F631F3 /* Checklist App */;
			targetProxy = DCEC24AC2DCD2A2400F631F3 /* PBXContainerItemProxy */;
		};
/* End PBXTargetDependency section */

/* Begin XCBuildConfiguration section */
		DCEC24B32DCD2A2400F631F3 /* Debug */ = {
			isa = XCBuildConfiguration;
			buildSettings = {
				ALWAYS_SEARCH_USER_PATHS = NO;
				ASSETCATALOG_COMPILER_GENERATE_SWIFT_ASSET_SYMBOL_EXTENSIONS = YES;
				CLANG_ANALYZER_NONNULL = YES;
				CLANG_ANALYZER_NUMBER_OBJECT_CONVERSION = YES_AGGRESSIVE;
				CLANG_CXX_LANGUAGE_STANDARD = "gnu++20";
				CLANG_ENABLE_MODULES = YES;
				CLANG_ENABLE_OBJC_ARC = YES;
				CLANG_ENABLE_OBJC_WEAK = YES;
				CLANG_WARN_BLOCK_CAPTURE_AUTORELEASING = YES;
				CLANG_WARN_BOOL_CONVERSION = YES;
				CLANG_WARN_COMMA = YES;
				CLANG_WARN_CONSTANT_CONVERSION = YES;
				CLANG_WARN_DEPRECATED_OBJC_IMPLEMENTATIONS = YES;
				CLANG_WARN_DIRECT_OBJC_ISA_USAGE = YES_ERROR;
				CLANG_WARN_DOCUMENTATION_COMMENTS = YES;
				CLANG_WARN_EMPTY_BODY = YES;
				CLANG_WARN_ENUM_CONVERSION = YES;
				CLANG_WARN_INFINITE_RECURSION = YES;
				CLANG_WARN_INT_CONVERSION = YES;
				CLANG_WARN_NON_LITERAL_NULL_CONVERSION = YES;
				CLANG_WARN_OBJC_IMPLICIT_RETAIN_SELF = YES;
				CLANG_WARN_OBJC_LITERAL_CONVERSION = YES;
				CLANG_WARN_OBJC_ROOT_CLASS = YES_ERROR;
				CLANG_WARN_QUOTED_INCLUDE_IN_FRAMEWORK_HEADER = YES;
				CLANG_WARN_RANGE_LOOP_ANALYSIS = YES;
				CLANG_WARN_STRICT_PROTOTYPES = YES;
				CLANG_WARN_SUSPICIOUS_MOVE = YES;
				CLANG_WARN_UNGUARDED_AVAILABILITY = YES_AGGRESSIVE;
				CLANG_WARN_UNREACHABLE_CODE = YES;
				CLANG_WARN__DUPLICATE_METHOD_MATCH = YES;
				COPY_PHASE_STRIP = NO;
				DEBUG_INFORMATION_FORMAT = dwarf;
				ENABLE_STRICT_OBJC_MSGSEND = YES;
				ENABLE_TESTABILITY = YES;
				ENABLE_USER_SCRIPT_SANDBOXING = YES;
				GCC_C_LANGUAGE_STANDARD = gnu17;
				GCC_DYNAMIC_NO_PIC = NO;
				GCC_NO_COMMON_BLOCKS = YES;
				GCC_OPTIMIZATION_LEVEL = 0;
				GCC_PREPROCESSOR_DEFINITIONS = (
					"DEBUG=1",
					"$(inherited)",
				);
				GCC_WARN_64_TO_32_BIT_CONVERSION = YES;
				GCC_WARN_ABOUT_RETURN_TYPE = YES_ERROR;
				GCC_WARN_UNDECLARED_SELECTOR = YES;
				GCC_WARN_UNINITIALIZED_AUTOS = YES_AGGRESSIVE;
				GCC_WARN_UNUSED_FUNCTION = YES;
				GCC_WARN_UNUSED_VARIABLE = YES;
				IPHONEOS_DEPLOYMENT_TARGET = 18.4;
				LOCALIZATION_PREFERS_STRING_CATALOGS = YES;
				MTL_ENABLE_DEBUG_INFO = INCLUDE_SOURCE;
				MTL_FAST_MATH = YES;
				ONLY_ACTIVE_ARCH = YES;
				SDKROOT = iphoneos;
				SWIFT_ACTIVE_COMPILATION_CONDITIONS = "DEBUG $(inherited)";
				SWIFT_OPTIMIZATION_LEVEL = "-Onone";
			};
			name = Debug;
		};
		DCEC24B42DCD2A2400F631F3 /* Release */ = {
			isa = XCBuildConfiguration;
			buildSettings = {
				ALWAYS_SEARCH_USER_PATHS = NO;
				ASSETCATALOG_COMPILER_GENERATE_SWIFT_ASSET_SYMBOL_EXTENSIONS = YES;
				CLANG_ANALYZER_NONNULL = YES;
				CLANG_ANALYZER_NUMBER_OBJECT_CONVERSION = YES_AGGRESSIVE;
				CLANG_CXX_LANGUAGE_STANDARD = "gnu++20";
				CLANG_ENABLE_MODULES = YES;
				CLANG_ENABLE_OBJC_ARC = YES;
				CLANG_ENABLE_OBJC_WEAK = YES;
				CLANG_WARN_BLOCK_CAPTURE_AUTORELEASING = YES;
				CLANG_WARN_BOOL_CONVERSION = YES;
				CLANG_WARN_COMMA = YES;
				CLANG_WARN_CONSTANT_CONVERSION = YES;
				CLANG_WARN_DEPRECATED_OBJC_IMPLEMENTATIONS = YES;
				CLANG_WARN_DIRECT_OBJC_ISA_USAGE = YES_ERROR;
				CLANG_WARN_DOCUMENTATION_COMMENTS = YES;
				CLANG_WARN_EMPTY_BODY = YES;
				CLANG_WARN_ENUM_CONVERSION = YES;
				CLANG_WARN_INFINITE_RECURSION = YES;
				CLANG_WARN_INT_CONVERSION = YES;
				CLANG_WARN_NON_LITERAL_NULL_CONVERSION = YES;
				CLANG_WARN_OBJC_IMPLICIT_RETAIN_SELF = YES;
				CLANG_WARN_OBJC_LITERAL_CONVERSION = YES;
				CLANG_WARN_OBJC_ROOT_CLASS = YES_ERROR;
				CLANG_WARN_QUOTED_INCLUDE_IN_FRAMEWORK_HEADER = YES;
				CLANG_WARN_RANGE_LOOP_ANALYSIS = YES;
				CLANG_WARN_STRICT_PROTOTYPES = YES;
				CLANG_WARN_SUSPICIOUS_MOVE = YES;
				CLANG_WARN_UNGUARDED_AVAILABILITY = YES_AGGRESSIVE;
				CLANG_WARN_UNREACHABLE_CODE = YES;
				CLANG_WARN__DUPLICATE_METHOD_MATCH = YES;
				COPY_PHASE_STRIP = NO;
				DEBUG_INFORMATION_FORMAT = "dwarf-with-dsym";
				ENABLE_NS_ASSERTIONS = NO;
				ENABLE_STRICT_OBJC_MSGSEND = YES;
				ENABLE_USER_SCRIPT_SANDBOXING = YES;
				GCC_C_LANGUAGE_STANDARD = gnu17;
				GCC_NO_COMMON_BLOCKS = YES;
				GCC_WARN_64_TO_32_BIT_CONVERSION = YES;
				GCC_WARN_ABOUT_RETURN_TYPE = YES_ERROR;
				GCC_WARN_UNDECLARED_SELECTOR = YES;
				GCC_WARN_UNINITIALIZED_AUTOS = YES_AGGRESSIVE;
				GCC_WARN_UNUSED_FUNCTION = YES;
				GCC_WARN_UNUSED_VARIABLE = YES;
				IPHONEOS_DEPLOYMENT_TARGET = 18.4;
				LOCALIZATION_PREFERS_STRING_CATALOGS = YES;
				MTL_ENABLE_DEBUG_INFO = NO;
				MTL_FAST_MATH = YES;
				SDKROOT = iphoneos;
				SWIFT_COMPILATION_MODE = wholemodule;
				VALIDATE_PRODUCT = YES;
			};
			name = Release;
		};
		DCEC24B62DCD2A2400F631F3 /* Debug */ = {
			isa = XCBuildConfiguration;
			buildSettings = {
				ASSETCATALOG_COMPILER_APPICON_NAME = AppIcon;
				ASSETCATALOG_COMPILER_GLOBAL_ACCENT_COLOR_NAME = AccentColor;
				CODE_SIGN_ENTITLEMENTS = "Checklist App/Checklist App.entitlements";
				CODE_SIGN_STYLE = Automatic;
				CURRENT_PROJECT_VERSION = 1;
				DEVELOPMENT_TEAM = N85KW92XAR;
				ENABLE_PREVIEWS = YES;
				GENERATE_INFOPLIST_FILE = YES;
				INFOPLIST_KEY_UIApplicationSceneManifest_Generation = YES;
				INFOPLIST_KEY_UIApplicationSupportsIndirectInputEvents = YES;
				INFOPLIST_KEY_UILaunchScreen_Generation = YES;
				INFOPLIST_KEY_UISupportedInterfaceOrientations_iPad = "UIInterfaceOrientationPortrait UIInterfaceOrientationPortraitUpsideDown UIInterfaceOrientationLandscapeLeft UIInterfaceOrientationLandscapeRight";
				INFOPLIST_KEY_UISupportedInterfaceOrientations_iPhone = "UIInterfaceOrientationPortrait UIInterfaceOrientationLandscapeLeft UIInterfaceOrientationLandscapeRight";
				IPHONEOS_DEPLOYMENT_TARGET = 17.6;
				LD_RUNPATH_SEARCH_PATHS = (
					"$(inherited)",
					"@executable_path/Frameworks",
				);
				MARKETING_VERSION = 1.0;
				PRODUCT_BUNDLE_IDENTIFIER = com.jacob.ChecklistApp.;
				PRODUCT_NAME = "$(TARGET_NAME)";
				SWIFT_EMIT_LOC_STRINGS = YES;
				SWIFT_VERSION = 5.0;
				TARGETED_DEVICE_FAMILY = "1,2";
			};
			name = Debug;
		};
		DCEC24B72DCD2A2400F631F3 /* Release */ = {
			isa = XCBuildConfiguration;
			buildSettings = {
				ASSETCATALOG_COMPILER_APPICON_NAME = AppIcon;
				ASSETCATALOG_COMPILER_GLOBAL_ACCENT_COLOR_NAME = AccentColor;
				CODE_SIGN_ENTITLEMENTS = "Checklist App/Checklist App.entitlements";
				CODE_SIGN_STYLE = Automatic;
				CURRENT_PROJECT_VERSION = 1;
				DEVELOPMENT_TEAM = N85KW92XAR;
				ENABLE_PREVIEWS = YES;
				GENERATE_INFOPLIST_FILE = YES;
				INFOPLIST_KEY_UIApplicationSceneManifest_Generation = YES;
				INFOPLIST_KEY_UIApplicationSupportsIndirectInputEvents = YES;
				INFOPLIST_KEY_UILaunchScreen_Generation = YES;
				INFOPLIST_KEY_UISupportedInterfaceOrientations_iPad = "UIInterfaceOrientationPortrait UIInterfaceOrientationPortraitUpsideDown UIInterfaceOrientationLandscapeLeft UIInterfaceOrientationLandscapeRight";
				INFOPLIST_KEY_UISupportedInterfaceOrientations_iPhone = "UIInterfaceOrientationPortrait UIInterfaceOrientationLandscapeLeft UIInterfaceOrientationLandscapeRight";
				IPHONEOS_DEPLOYMENT_TARGET = 17.6;
				LD_RUNPATH_SEARCH_PATHS = (
					"$(inherited)",
					"@executable_path/Frameworks",
				);
				MARKETING_VERSION = 1.0;
				PRODUCT_BUNDLE_IDENTIFIER = com.jacob.ChecklistApp.;
				PRODUCT_NAME = "$(TARGET_NAME)";
				SWIFT_EMIT_LOC_STRINGS = YES;
				SWIFT_VERSION = 5.0;
				TARGETED_DEVICE_FAMILY = "1,2";
			};
			name = Release;
		};
		DCEC24B92DCD2A2400F631F3 /* Debug */ = {
			isa = XCBuildConfiguration;
			buildSettings = {
				BUNDLE_LOADER = "$(TEST_HOST)";
				CODE_SIGN_STYLE = Automatic;
				CURRENT_PROJECT_VERSION = 1;
				GENERATE_INFOPLIST_FILE = YES;
				IPHONEOS_DEPLOYMENT_TARGET = 18.4;
				MARKETING_VERSION = 1.0;
				PRODUCT_BUNDLE_IDENTIFIER = "checklist.sfsu.edu.Checklist-AppTests";
				PRODUCT_NAME = "$(TARGET_NAME)";
				SWIFT_EMIT_LOC_STRINGS = NO;
				SWIFT_VERSION = 5.0;
				TARGETED_DEVICE_FAMILY = "1,2";
				TEST_HOST = "$(BUILT_PRODUCTS_DIR)/Checklist App.app/$(BUNDLE_EXECUTABLE_FOLDER_PATH)/Checklist App";
			};
			name = Debug;
		};
		DCEC24BA2DCD2A2400F631F3 /* Release */ = {
			isa = XCBuildConfiguration;
			buildSettings = {
				BUNDLE_LOADER = "$(TEST_HOST)";
				CODE_SIGN_STYLE = Automatic;
				CURRENT_PROJECT_VERSION = 1;
				GENERATE_INFOPLIST_FILE = YES;
				IPHONEOS_DEPLOYMENT_TARGET = 18.4;
				MARKETING_VERSION = 1.0;
				PRODUCT_BUNDLE_IDENTIFIER = "checklist.sfsu.edu.Checklist-AppTests";
				PRODUCT_NAME = "$(TARGET_NAME)";
				SWIFT_EMIT_LOC_STRINGS = NO;
				SWIFT_VERSION = 5.0;
				TARGETED_DEVICE_FAMILY = "1,2";
				TEST_HOST = "$(BUILT_PRODUCTS_DIR)/Checklist App.app/$(BUNDLE_EXECUTABLE_FOLDER_PATH)/Checklist App";
			};
			name = Release;
		};
		DCEC24BC2DCD2A2400F631F3 /* Debug */ = {
			isa = XCBuildConfiguration;
			buildSettings = {
				CODE_SIGN_STYLE = Automatic;
				CURRENT_PROJECT_VERSION = 1;
				GENERATE_INFOPLIST_FILE = YES;
				MARKETING_VERSION = 1.0;
				PRODUCT_BUNDLE_IDENTIFIER = "checklist.sfsu.edu.Checklist-AppUITests";
				PRODUCT_NAME = "$(TARGET_NAME)";
				SWIFT_EMIT_LOC_STRINGS = NO;
				SWIFT_VERSION = 5.0;
				TARGETED_DEVICE_FAMILY = "1,2";
				TEST_TARGET_NAME = "Checklist App";
			};
			name = Debug;
		};
		DCEC24BD2DCD2A2400F631F3 /* Release */ = {
			isa = XCBuildConfiguration;
			buildSettings = {
				CODE_SIGN_STYLE = Automatic;
				CURRENT_PROJECT_VERSION = 1;
				GENERATE_INFOPLIST_FILE = YES;
				MARKETING_VERSION = 1.0;
				PRODUCT_BUNDLE_IDENTIFIER = "checklist.sfsu.edu.Checklist-AppUITests";
				PRODUCT_NAME = "$(TARGET_NAME)";
				SWIFT_EMIT_LOC_STRINGS = NO;
				SWIFT_VERSION = 5.0;
				TARGETED_DEVICE_FAMILY = "1,2";
				TEST_TARGET_NAME = "Checklist App";
			};
			name = Release;
		};
/* End XCBuildConfiguration section */

/* Begin XCConfigurationList section */
		DCEC248F2DCD2A2300F631F3 /* Build configuration list for PBXProject "Checklist App" */ = {
			isa = XCConfigurationList;
			buildConfigurations = (
				DCEC24B32DCD2A2400F631F3 /* Debug */,
				DCEC24B42DCD2A2400F631F3 /* Release */,
			);
			defaultConfigurationIsVisible = 0;
			defaultConfigurationName = Release;
		};
		DCEC24B52DCD2A2400F631F3 /* Build configuration list for PBXNativeTarget "Checklist App" */ = {
			isa = XCConfigurationList;
			buildConfigurations = (
				DCEC24B62DCD2A2400F631F3 /* Debug */,
				DCEC24B72DCD2A2400F631F3 /* Release */,
			);
			defaultConfigurationIsVisible = 0;
			defaultConfigurationName = Release;
		};
		DCEC24B82DCD2A2400F631F3 /* Build configuration list for PBXNativeTarget "Checklist AppTests" */ = {
			isa = XCConfigurationList;
			buildConfigurations = (
				DCEC24B92DCD2A2400F631F3 /* Debug */,
				DCEC24BA2DCD2A2400F631F3 /* Release */,
			);
			defaultConfigurationIsVisible = 0;
			defaultConfigurationName = Release;
		};
		DCEC24BB2DCD2A2400F631F3 /* Build configuration list for PBXNativeTarget "Checklist AppUITests" */ = {
			isa = XCConfigurationList;
			buildConfigurations = (
				DCEC24BC2DCD2A2400F631F3 /* Debug */,
				DCEC24BD2DCD2A2400F631F3 /* Release */,
			);
			defaultConfigurationIsVisible = 0;
			defaultConfigurationName = Release;
		};
/* End XCConfigurationList section */

/* Begin XCVersionGroup section */
		DC5FCF892DCD3BDC00C6539D /* ChecklistModel.xcdatamodeld */ = {
			isa = XCVersionGroup;
			children = (
				DC5FCF8A2DCD3BDC00C6539D /* ChecklistModel.xcdatamodel */,
			);
			currentVersion = DC5FCF8A2DCD3BDC00C6539D /* ChecklistModel.xcdatamodel */;
			path = ChecklistModel.xcdatamodeld;
			sourceTree = "<group>";
			versionGroupType = wrapper.xcdatamodel;
		};
/* End XCVersionGroup section */
	};
	rootObject = DCEC248C2DCD2A2300F631F3 /* Project object */;
}
